// !$*UTF8*$!
{
	archiveVersion = 1;
	classes = {
	};
	objectVersion = 46;
	objects = {

/* Begin PBXBuildFile section */
		B00B1E861EB8F76A00066C21 /* UIImage+Scale.swift in Sources */ = {isa = PBXBuildFile; fileRef = B00B1E851EB8F76A00066C21 /* UIImage+Scale.swift */; };
		B00B1E9D1EB94C5000066C21 /* GLCalendarDateRange.m in Sources */ = {isa = PBXBuildFile; fileRef = B00B1E891EB94C5000066C21 /* GLCalendarDateRange.m */; };
		B00B1E9E1EB94C5000066C21 /* GLCalendarDayCell.m in Sources */ = {isa = PBXBuildFile; fileRef = B00B1E8C1EB94C5000066C21 /* GLCalendarDayCell.m */; };
		B00B1E9F1EB94C5000066C21 /* GLCalendarDayCell.xib in Resources */ = {isa = PBXBuildFile; fileRef = B00B1E8D1EB94C5000066C21 /* GLCalendarDayCell.xib */; };
		B00B1EA01EB94C5000066C21 /* GLCalendarDayCellBackgroundCover.m in Sources */ = {isa = PBXBuildFile; fileRef = B00B1E8F1EB94C5000066C21 /* GLCalendarDayCellBackgroundCover.m */; };
		B00B1EA11EB94C5000066C21 /* GLCalendarMonthCoverView.m in Sources */ = {isa = PBXBuildFile; fileRef = B00B1E911EB94C5000066C21 /* GLCalendarMonthCoverView.m */; };
		B00B1EA21EB94C5000066C21 /* GLCalendarView.m in Sources */ = {isa = PBXBuildFile; fileRef = B00B1E931EB94C5000066C21 /* GLCalendarView.m */; };
		B00B1EA31EB94C5000066C21 /* GLCalendarView.xib in Resources */ = {isa = PBXBuildFile; fileRef = B00B1E941EB94C5000066C21 /* GLCalendarView.xib */; };
		B00B1EA41EB94C5000066C21 /* GLDateUtils.m in Sources */ = {isa = PBXBuildFile; fileRef = B00B1E961EB94C5000066C21 /* GLDateUtils.m */; };
		B00B1EA51EB94C5000066C21 /* gl-calendar-magnify-glass.png in Resources */ = {isa = PBXBuildFile; fileRef = B00B1E981EB94C5000066C21 /* gl-calendar-magnify-glass.png */; };
		B00B1EA61EB94C5000066C21 /* gl-calendar-magnify-glass@2x.png in Resources */ = {isa = PBXBuildFile; fileRef = B00B1E991EB94C5000066C21 /* gl-calendar-magnify-glass@2x.png */; };
		B00B1EA71EB94C5000066C21 /* gl-calendar-shadow.png in Resources */ = {isa = PBXBuildFile; fileRef = B00B1E9A1EB94C5000066C21 /* gl-calendar-shadow.png */; };
		B00B1EA81EB94C5000066C21 /* gl-calendar-shadow@2x.png in Resources */ = {isa = PBXBuildFile; fileRef = B00B1E9B1EB94C5000066C21 /* gl-calendar-shadow@2x.png */; };
		B00B1EA91EB94C5000066C21 /* gl-calendar-shadow@3x.png in Resources */ = {isa = PBXBuildFile; fileRef = B00B1E9C1EB94C5000066C21 /* gl-calendar-shadow@3x.png */; };
		B00B1EAD1EB94FFD00066C21 /* TimeframeViewController.swift in Sources */ = {isa = PBXBuildFile; fileRef = B00B1EAC1EB94FFD00066C21 /* TimeframeViewController.swift */; };
		B02922D91EB7B8330045E1BF /* AppDelegate.swift in Sources */ = {isa = PBXBuildFile; fileRef = B02922D81EB7B8330045E1BF /* AppDelegate.swift */; };
		B02922DC1EB7B8330045E1BF /* Borrower.xcdatamodeld in Sources */ = {isa = PBXBuildFile; fileRef = B02922DA1EB7B8330045E1BF /* Borrower.xcdatamodeld */; };
		B02922DE1EB7B8330045E1BF /* MasterViewController.swift in Sources */ = {isa = PBXBuildFile; fileRef = B02922DD1EB7B8330045E1BF /* MasterViewController.swift */; };
		B02922E01EB7B8330045E1BF /* DetailViewController.swift in Sources */ = {isa = PBXBuildFile; fileRef = B02922DF1EB7B8330045E1BF /* DetailViewController.swift */; };
		B02922E31EB7B8330045E1BF /* Main.storyboard in Resources */ = {isa = PBXBuildFile; fileRef = B02922E11EB7B8330045E1BF /* Main.storyboard */; };
		B02922E51EB7B8330045E1BF /* Assets.xcassets in Resources */ = {isa = PBXBuildFile; fileRef = B02922E41EB7B8330045E1BF /* Assets.xcassets */; };
		B02922E81EB7B8330045E1BF /* LaunchScreen.storyboard in Resources */ = {isa = PBXBuildFile; fileRef = B02922E61EB7B8330045E1BF /* LaunchScreen.storyboard */; };
/* End PBXBuildFile section */

/* Begin PBXFileReference section */
		B00B1E851EB8F76A00066C21 /* UIImage+Scale.swift */ = {isa = PBXFileReference; fileEncoding = 4; lastKnownFileType = sourcecode.swift; name = "UIImage+Scale.swift"; path = "../../../../Downloads/UIImage+Scale.swift"; sourceTree = "<group>"; };
		B00B1E881EB94C5000066C21 /* GLCalendarDateRange.h */ = {isa = PBXFileReference; fileEncoding = 4; lastKnownFileType = sourcecode.c.h; path = GLCalendarDateRange.h; sourceTree = "<group>"; };
		B00B1E891EB94C5000066C21 /* GLCalendarDateRange.m */ = {isa = PBXFileReference; fileEncoding = 4; lastKnownFileType = sourcecode.c.objc; path = GLCalendarDateRange.m; sourceTree = "<group>"; };
		B00B1E8B1EB94C5000066C21 /* GLCalendarDayCell.h */ = {isa = PBXFileReference; fileEncoding = 4; lastKnownFileType = sourcecode.c.h; path = GLCalendarDayCell.h; sourceTree = "<group>"; };
		B00B1E8C1EB94C5000066C21 /* GLCalendarDayCell.m */ = {isa = PBXFileReference; fileEncoding = 4; lastKnownFileType = sourcecode.c.objc; path = GLCalendarDayCell.m; sourceTree = "<group>"; };
		B00B1E8D1EB94C5000066C21 /* GLCalendarDayCell.xib */ = {isa = PBXFileReference; fileEncoding = 4; lastKnownFileType = file.xib; path = GLCalendarDayCell.xib; sourceTree = "<group>"; };
		B00B1E8E1EB94C5000066C21 /* GLCalendarDayCellBackgroundCover.h */ = {isa = PBXFileReference; fileEncoding = 4; lastKnownFileType = sourcecode.c.h; path = GLCalendarDayCellBackgroundCover.h; sourceTree = "<group>"; };
		B00B1E8F1EB94C5000066C21 /* GLCalendarDayCellBackgroundCover.m */ = {isa = PBXFileReference; fileEncoding = 4; lastKnownFileType = sourcecode.c.objc; path = GLCalendarDayCellBackgroundCover.m; sourceTree = "<group>"; };
		B00B1E901EB94C5000066C21 /* GLCalendarMonthCoverView.h */ = {isa = PBXFileReference; fileEncoding = 4; lastKnownFileType = sourcecode.c.h; path = GLCalendarMonthCoverView.h; sourceTree = "<group>"; };
		B00B1E911EB94C5000066C21 /* GLCalendarMonthCoverView.m */ = {isa = PBXFileReference; fileEncoding = 4; lastKnownFileType = sourcecode.c.objc; path = GLCalendarMonthCoverView.m; sourceTree = "<group>"; };
		B00B1E921EB94C5000066C21 /* GLCalendarView.h */ = {isa = PBXFileReference; fileEncoding = 4; lastKnownFileType = sourcecode.c.h; path = GLCalendarView.h; sourceTree = "<group>"; };
		B00B1E931EB94C5000066C21 /* GLCalendarView.m */ = {isa = PBXFileReference; fileEncoding = 4; lastKnownFileType = sourcecode.c.objc; path = GLCalendarView.m; sourceTree = "<group>"; };
		B00B1E941EB94C5000066C21 /* GLCalendarView.xib */ = {isa = PBXFileReference; fileEncoding = 4; lastKnownFileType = file.xib; path = GLCalendarView.xib; sourceTree = "<group>"; };
		B00B1E951EB94C5000066C21 /* GLDateUtils.h */ = {isa = PBXFileReference; fileEncoding = 4; lastKnownFileType = sourcecode.c.h; path = GLDateUtils.h; sourceTree = "<group>"; };
		B00B1E961EB94C5000066C21 /* GLDateUtils.m */ = {isa = PBXFileReference; fileEncoding = 4; lastKnownFileType = sourcecode.c.objc; path = GLDateUtils.m; sourceTree = "<group>"; };
		B00B1E981EB94C5000066C21 /* gl-calendar-magnify-glass.png */ = {isa = PBXFileReference; lastKnownFileType = image.png; path = "gl-calendar-magnify-glass.png"; sourceTree = "<group>"; };
		B00B1E991EB94C5000066C21 /* gl-calendar-magnify-glass@2x.png */ = {isa = PBXFileReference; lastKnownFileType = image.png; path = "gl-calendar-magnify-glass@2x.png"; sourceTree = "<group>"; };
		B00B1E9A1EB94C5000066C21 /* gl-calendar-shadow.png */ = {isa = PBXFileReference; lastKnownFileType = image.png; path = "gl-calendar-shadow.png"; sourceTree = "<group>"; };
		B00B1E9B1EB94C5000066C21 /* gl-calendar-shadow@2x.png */ = {isa = PBXFileReference; lastKnownFileType = image.png; path = "gl-calendar-shadow@2x.png"; sourceTree = "<group>"; };
		B00B1E9C1EB94C5000066C21 /* gl-calendar-shadow@3x.png */ = {isa = PBXFileReference; lastKnownFileType = image.png; path = "gl-calendar-shadow@3x.png"; sourceTree = "<group>"; };
		B00B1EAA1EB94CBC00066C21 /* BridgingHeader.h */ = {isa = PBXFileReference; lastKnownFileType = sourcecode.c.h; path = BridgingHeader.h; sourceTree = "<group>"; };
		B00B1EAC1EB94FFD00066C21 /* TimeframeViewController.swift */ = {isa = PBXFileReference; fileEncoding = 4; lastKnownFileType = sourcecode.swift; path = TimeframeViewController.swift; sourceTree = "<group>"; };
		B02922D51EB7B8330045E1BF /* Borrower.app */ = {isa = PBXFileReference; explicitFileType = wrapper.application; includeInIndex = 0; path = Borrower.app; sourceTree = BUILT_PRODUCTS_DIR; };
		B02922D81EB7B8330045E1BF /* AppDelegate.swift */ = {isa = PBXFileReference; lastKnownFileType = sourcecode.swift; path = AppDelegate.swift; sourceTree = "<group>"; };
		B02922DB1EB7B8330045E1BF /* Borrower.xcdatamodel */ = {isa = PBXFileReference; lastKnownFileType = wrapper.xcdatamodel; path = Borrower.xcdatamodel; sourceTree = "<group>"; };
		B02922DD1EB7B8330045E1BF /* MasterViewController.swift */ = {isa = PBXFileReference; lastKnownFileType = sourcecode.swift; path = MasterViewController.swift; sourceTree = "<group>"; };
		B02922DF1EB7B8330045E1BF /* DetailViewController.swift */ = {isa = PBXFileReference; lastKnownFileType = sourcecode.swift; path = DetailViewController.swift; sourceTree = "<group>"; };
		B02922E21EB7B8330045E1BF /* Base */ = {isa = PBXFileReference; lastKnownFileType = file.storyboard; name = Base; path = Base.lproj/Main.storyboard; sourceTree = "<group>"; };
		B02922E41EB7B8330045E1BF /* Assets.xcassets */ = {isa = PBXFileReference; lastKnownFileType = folder.assetcatalog; path = Assets.xcassets; sourceTree = "<group>"; };
		B02922E71EB7B8330045E1BF /* Base */ = {isa = PBXFileReference; lastKnownFileType = file.storyboard; name = Base; path = Base.lproj/LaunchScreen.storyboard; sourceTree = "<group>"; };
		B02922E91EB7B8330045E1BF /* Info.plist */ = {isa = PBXFileReference; lastKnownFileType = text.plist.xml; path = Info.plist; sourceTree = "<group>"; };
/* End PBXFileReference section */

/* Begin PBXFrameworksBuildPhase section */
		B02922D21EB7B8330045E1BF /* Frameworks */ = {
			isa = PBXFrameworksBuildPhase;
			buildActionMask = 2147483647;
			files = (
			);
			runOnlyForDeploymentPostprocessing = 0;
		};
/* End PBXFrameworksBuildPhase section */

/* Begin PBXGroup section */
		B00B1E871EB94C5000066C21 /* Sources */ = {
			isa = PBXGroup;
			children = (
				B00B1E881EB94C5000066C21 /* GLCalendarDateRange.h */,
				B00B1E891EB94C5000066C21 /* GLCalendarDateRange.m */,
				B00B1E8A1EB94C5000066C21 /* GLCalendarDayCell */,
				B00B1E901EB94C5000066C21 /* GLCalendarMonthCoverView.h */,
				B00B1E911EB94C5000066C21 /* GLCalendarMonthCoverView.m */,
				B00B1E921EB94C5000066C21 /* GLCalendarView.h */,
				B00B1E931EB94C5000066C21 /* GLCalendarView.m */,
				B00B1E941EB94C5000066C21 /* GLCalendarView.xib */,
				B00B1E951EB94C5000066C21 /* GLDateUtils.h */,
				B00B1E961EB94C5000066C21 /* GLDateUtils.m */,
				B00B1E971EB94C5000066C21 /* Images */,
			);
			path = Sources;
			sourceTree = "<group>";
		};
		B00B1E8A1EB94C5000066C21 /* GLCalendarDayCell */ = {
			isa = PBXGroup;
			children = (
				B00B1E8B1EB94C5000066C21 /* GLCalendarDayCell.h */,
				B00B1E8C1EB94C5000066C21 /* GLCalendarDayCell.m */,
				B00B1E8D1EB94C5000066C21 /* GLCalendarDayCell.xib */,
				B00B1E8E1EB94C5000066C21 /* GLCalendarDayCellBackgroundCover.h */,
				B00B1E8F1EB94C5000066C21 /* GLCalendarDayCellBackgroundCover.m */,
			);
			path = GLCalendarDayCell;
			sourceTree = "<group>";
		};
		B00B1E971EB94C5000066C21 /* Images */ = {
			isa = PBXGroup;
			children = (
				B00B1E981EB94C5000066C21 /* gl-calendar-magnify-glass.png */,
				B00B1E991EB94C5000066C21 /* gl-calendar-magnify-glass@2x.png */,
				B00B1E9A1EB94C5000066C21 /* gl-calendar-shadow.png */,
				B00B1E9B1EB94C5000066C21 /* gl-calendar-shadow@2x.png */,
				B00B1E9C1EB94C5000066C21 /* gl-calendar-shadow@3x.png */,
			);
			path = Images;
			sourceTree = "<group>";
		};
		B00B1EAB1EB94E2E00066C21 /* Helpers */ = {
			isa = PBXGroup;
			children = (
				B00B1E871EB94C5000066C21 /* Sources */,
				B00B1E851EB8F76A00066C21 /* UIImage+Scale.swift */,
			);
			name = Helpers;
			sourceTree = "<group>";
		};
		B02922CC1EB7B8330045E1BF = {
			isa = PBXGroup;
			children = (
				B02922D71EB7B8330045E1BF /* Borrower */,
				B02922D61EB7B8330045E1BF /* Products */,
			);
			sourceTree = "<group>";
		};
		B02922D61EB7B8330045E1BF /* Products */ = {
			isa = PBXGroup;
			children = (
				B02922D51EB7B8330045E1BF /* Borrower.app */,
			);
			name = Products;
			sourceTree = "<group>";
		};
		B02922D71EB7B8330045E1BF /* Borrower */ = {
			isa = PBXGroup;
			children = (
				B00B1EAB1EB94E2E00066C21 /* Helpers */,
				B02922D81EB7B8330045E1BF /* AppDelegate.swift */,
				B02922DD1EB7B8330045E1BF /* MasterViewController.swift */,
				B02922DF1EB7B8330045E1BF /* DetailViewController.swift */,
				B00B1EAC1EB94FFD00066C21 /* TimeframeViewController.swift */,
				B00B1EAA1EB94CBC00066C21 /* BridgingHeader.h */,
				B02922E11EB7B8330045E1BF /* Main.storyboard */,
				B02922E41EB7B8330045E1BF /* Assets.xcassets */,
				B02922E61EB7B8330045E1BF /* LaunchScreen.storyboard */,
				B02922E91EB7B8330045E1BF /* Info.plist */,
				B02922DA1EB7B8330045E1BF /* Borrower.xcdatamodeld */,
			);
			path = Borrower;
			sourceTree = "<group>";
		};
/* End PBXGroup section */

/* Begin PBXNativeTarget section */
		B02922D41EB7B8330045E1BF /* Borrower */ = {
			isa = PBXNativeTarget;
			buildConfigurationList = B02922EC1EB7B8330045E1BF /* Build configuration list for PBXNativeTarget "Borrower" */;
			buildPhases = (
				B02922D11EB7B8330045E1BF /* Sources */,
				B02922D21EB7B8330045E1BF /* Frameworks */,
				B02922D31EB7B8330045E1BF /* Resources */,
			);
			buildRules = (
			);
			dependencies = (
			);
			name = Borrower;
			productName = Borrower;
			productReference = B02922D51EB7B8330045E1BF /* Borrower.app */;
			productType = "com.apple.product-type.application";
		};
/* End PBXNativeTarget section */

/* Begin PBXProject section */
		B02922CD1EB7B8330045E1BF /* Project object */ = {
			isa = PBXProject;
			attributes = {
				LastSwiftUpdateCheck = 0820;
				LastUpgradeCheck = 0820;
				ORGANIZATIONNAME = "Tim Beals";
				TargetAttributes = {
					B02922D41EB7B8330045E1BF = {
						CreatedOnToolsVersion = 8.2.1;
						DevelopmentTeam = 2733C6P24Y;
						ProvisioningStyle = Automatic;
					};
				};
			};
			buildConfigurationList = B02922D01EB7B8330045E1BF /* Build configuration list for PBXProject "Borrower" */;
			compatibilityVersion = "Xcode 3.2";
			developmentRegion = English;
			hasScannedForEncodings = 0;
			knownRegions = (
				en,
				Base,
			);
			mainGroup = B02922CC1EB7B8330045E1BF;
			productRefGroup = B02922D61EB7B8330045E1BF /* Products */;
			projectDirPath = "";
			projectRoot = "";
			targets = (
				B02922D41EB7B8330045E1BF /* Borrower */,
			);
		};
/* End PBXProject section */

/* Begin PBXResourcesBuildPhase section */
		B02922D31EB7B8330045E1BF /* Resources */ = {
			isa = PBXResourcesBuildPhase;
			buildActionMask = 2147483647;
			files = (
				B02922E81EB7B8330045E1BF /* LaunchScreen.storyboard in Resources */,
				B00B1EA61EB94C5000066C21 /* gl-calendar-magnify-glass@2x.png in Resources */,
				B00B1EA91EB94C5000066C21 /* gl-calendar-shadow@3x.png in Resources */,
				B00B1EA51EB94C5000066C21 /* gl-calendar-magnify-glass.png in Resources */,
				B00B1E9F1EB94C5000066C21 /* GLCalendarDayCell.xib in Resources */,
				B00B1EA31EB94C5000066C21 /* GLCalendarView.xib in Resources */,
				B02922E51EB7B8330045E1BF /* Assets.xcassets in Resources */,
				B00B1EA71EB94C5000066C21 /* gl-calendar-shadow.png in Resources */,
				B02922E31EB7B8330045E1BF /* Main.storyboard in Resources */,
				B00B1EA81EB94C5000066C21 /* gl-calendar-shadow@2x.png in Resources */,
			);
			runOnlyForDeploymentPostprocessing = 0;
		};
/* End PBXResourcesBuildPhase section */

/* Begin PBXSourcesBuildPhase section */
		B02922D11EB7B8330045E1BF /* Sources */ = {
			isa = PBXSourcesBuildPhase;
			buildActionMask = 2147483647;
			files = (
				B00B1E9D1EB94C5000066C21 /* GLCalendarDateRange.m in Sources */,
				B00B1EAD1EB94FFD00066C21 /* TimeframeViewController.swift in Sources */,
				B02922D91EB7B8330045E1BF /* AppDelegate.swift in Sources */,
				B00B1EA41EB94C5000066C21 /* GLDateUtils.m in Sources */,
				B02922DC1EB7B8330045E1BF /* Borrower.xcdatamodeld in Sources */,
				B00B1EA11EB94C5000066C21 /* GLCalendarMonthCoverView.m in Sources */,
				B00B1EA01EB94C5000066C21 /* GLCalendarDayCellBackgroundCover.m in Sources */,
				B02922DE1EB7B8330045E1BF /* MasterViewController.swift in Sources */,
				B00B1E9E1EB94C5000066C21 /* GLCalendarDayCell.m in Sources */,
				B00B1E861EB8F76A00066C21 /* UIImage+Scale.swift in Sources */,
				B02922E01EB7B8330045E1BF /* DetailViewController.swift in Sources */,
				B00B1EA21EB94C5000066C21 /* GLCalendarView.m in Sources */,
			);
			runOnlyForDeploymentPostprocessing = 0;
		};
/* End PBXSourcesBuildPhase section */

/* Begin PBXVariantGroup section */
		B02922E11EB7B8330045E1BF /* Main.storyboard */ = {
			isa = PBXVariantGroup;
			children = (
				B02922E21EB7B8330045E1BF /* Base */,
			);
			name = Main.storyboard;
			sourceTree = "<group>";
		};
		B02922E61EB7B8330045E1BF /* LaunchScreen.storyboard */ = {
			isa = PBXVariantGroup;
			children = (
				B02922E71EB7B8330045E1BF /* Base */,
			);
			name = LaunchScreen.storyboard;
			sourceTree = "<group>";
		};
/* End PBXVariantGroup section */

/* Begin XCBuildConfiguration section */
		B02922EA1EB7B8330045E1BF /* Debug */ = {
			isa = XCBuildConfiguration;
			buildSettings = {
				ALWAYS_SEARCH_USER_PATHS = NO;
				CLANG_ANALYZER_NONNULL = YES;
				CLANG_CXX_LANGUAGE_STANDARD = "gnu++0x";
				CLANG_CXX_LIBRARY = "libc++";
				CLANG_ENABLE_MODULES = YES;
				CLANG_ENABLE_OBJC_ARC = YES;
				CLANG_WARN_BOOL_CONVERSION = YES;
				CLANG_WARN_CONSTANT_CONVERSION = YES;
				CLANG_WARN_DIRECT_OBJC_ISA_USAGE = YES_ERROR;
				CLANG_WARN_DOCUMENTATION_COMMENTS = YES;
				CLANG_WARN_EMPTY_BODY = YES;
				CLANG_WARN_ENUM_CONVERSION = YES;
				CLANG_WARN_INFINITE_RECURSION = YES;
				CLANG_WARN_INT_CONVERSION = YES;
				CLANG_WARN_OBJC_ROOT_CLASS = YES_ERROR;
				CLANG_WARN_SUSPICIOUS_MOVE = YES;
				CLANG_WARN_UNREACHABLE_CODE = YES;
				CLANG_WARN__DUPLICATE_METHOD_MATCH = YES;
				"CODE_SIGN_IDENTITY[sdk=iphoneos*]" = "iPhone Developer";
				COPY_PHASE_STRIP = NO;
				DEBUG_INFORMATION_FORMAT = dwarf;
				ENABLE_STRICT_OBJC_MSGSEND = YES;
				ENABLE_TESTABILITY = YES;
				GCC_C_LANGUAGE_STANDARD = gnu99;
				GCC_DYNAMIC_NO_PIC = NO;
				GCC_NO_COMMON_BLOCKS = YES;
				GCC_OPTIMIZATION_LEVEL = 0;
				GCC_PREPROCESSOR_DEFINITIONS = (
					"DEBUG=1",
					"$(inherited)",
				);
				GCC_WARN_64_TO_32_BIT_CONVERSION = YES;
				GCC_WARN_ABOUT_RETURN_TYPE = YES_ERROR;
				GCC_WARN_UNDECLARED_SELECTOR = YES;
				GCC_WARN_UNINITIALIZED_AUTOS = YES_AGGRESSIVE;
				GCC_WARN_UNUSED_FUNCTION = YES;
				GCC_WARN_UNUSED_VARIABLE = YES;
				IPHONEOS_DEPLOYMENT_TARGET = 10.2;
				MTL_ENABLE_DEBUG_INFO = YES;
				ONLY_ACTIVE_ARCH = YES;
				SDKROOT = iphoneos;
				SWIFT_ACTIVE_COMPILATION_CONDITIONS = DEBUG;
				SWIFT_OPTIMIZATION_LEVEL = "-Onone";
			};
			name = Debug;
		};
		B02922EB1EB7B8330045E1BF /* Release */ = {
			isa = XCBuildConfiguration;
			buildSettings = {
				ALWAYS_SEARCH_USER_PATHS = NO;
				CLANG_ANALYZER_NONNULL = YES;
				CLANG_CXX_LANGUAGE_STANDARD = "gnu++0x";
				CLANG_CXX_LIBRARY = "libc++";
				CLANG_ENABLE_MODULES = YES;
				CLANG_ENABLE_OBJC_ARC = YES;
				CLANG_WARN_BOOL_CONVERSION = YES;
				CLANG_WARN_CONSTANT_CONVERSION = YES;
				CLANG_WARN_DIRECT_OBJC_ISA_USAGE = YES_ERROR;
				CLANG_WARN_DOCUMENTATION_COMMENTS = YES;
				CLANG_WARN_EMPTY_BODY = YES;
				CLANG_WARN_ENUM_CONVERSION = YES;
				CLANG_WARN_INFINITE_RECURSION = YES;
				CLANG_WARN_INT_CONVERSION = YES;
				CLANG_WARN_OBJC_ROOT_CLASS = YES_ERROR;
				CLANG_WARN_SUSPICIOUS_MOVE = YES;
				CLANG_WARN_UNREACHABLE_CODE = YES;
				CLANG_WARN__DUPLICATE_METHOD_MATCH = YES;
				"CODE_SIGN_IDENTITY[sdk=iphoneos*]" = "iPhone Developer";
				COPY_PHASE_STRIP = NO;
				DEBUG_INFORMATION_FORMAT = "dwarf-with-dsym";
				ENABLE_NS_ASSERTIONS = NO;
				ENABLE_STRICT_OBJC_MSGSEND = YES;
				GCC_C_LANGUAGE_STANDARD = gnu99;
				GCC_NO_COMMON_BLOCKS = YES;
				GCC_WARN_64_TO_32_BIT_CONVERSION = YES;
				GCC_WARN_ABOUT_RETURN_TYPE = YES_ERROR;
				GCC_WARN_UNDECLARED_SELECTOR = YES;
				GCC_WARN_UNINITIALIZED_AUTOS = YES_AGGRESSIVE;
				GCC_WARN_UNUSED_FUNCTION = YES;
				GCC_WARN_UNUSED_VARIABLE = YES;
				IPHONEOS_DEPLOYMENT_TARGET = 10.2;
				MTL_ENABLE_DEBUG_INFO = NO;
				SDKROOT = iphoneos;
				SWIFT_OPTIMIZATION_LEVEL = "-Owholemodule";
				VALIDATE_PRODUCT = YES;
			};
			name = Release;
		};
		B02922ED1EB7B8330045E1BF /* Debug */ = {
			isa = XCBuildConfiguration;
			buildSettings = {
				ASSETCATALOG_COMPILER_APPICON_NAME = AppIcon;
				DEVELOPMENT_TEAM = 2733C6P24Y;
				INFOPLIST_FILE = Borrower/Info.plist;
				LD_RUNPATH_SEARCH_PATHS = "$(inherited) @executable_path/Frameworks";
				PRODUCT_BUNDLE_IDENTIFIER = com.timbeals.Borrower;
				PRODUCT_NAME = "$(TARGET_NAME)";
				SWIFT_OBJC_BRIDGING_HEADER = Borrower/BridgingHeader.h;
				SWIFT_VERSION = 3.0;
			};
			name = Debug;
		};
		B02922EE1EB7B8330045E1BF /* Release */ = {
			isa = XCBuildConfiguration;
			buildSettings = {
				ASSETCATALOG_COMPILER_APPICON_NAME = AppIcon;
				DEVELOPMENT_TEAM = 2733C6P24Y;
				INFOPLIST_FILE = Borrower/Info.plist;
				LD_RUNPATH_SEARCH_PATHS = "$(inherited) @executable_path/Frameworks";
				PRODUCT_BUNDLE_IDENTIFIER = com.timbeals.Borrower;
				PRODUCT_NAME = "$(TARGET_NAME)";
				SWIFT_OBJC_BRIDGING_HEADER = Borrower/BridgingHeader.h;
				SWIFT_VERSION = 3.0;
			};
			name = Release;
		};
/* End XCBuildConfiguration section */

/* Begin XCConfigurationList section */
		B02922D01EB7B8330045E1BF /* Build configuration list for PBXProject "Borrower" */ = {
			isa = XCConfigurationList;
			buildConfigurations = (
				B02922EA1EB7B8330045E1BF /* Debug */,
				B02922EB1EB7B8330045E1BF /* Release */,
			);
			defaultConfigurationIsVisible = 0;
			defaultConfigurationName = Release;
		};
		B02922EC1EB7B8330045E1BF /* Build configuration list for PBXNativeTarget "Borrower" */ = {
			isa = XCConfigurationList;
			buildConfigurations = (
				B02922ED1EB7B8330045E1BF /* Debug */,
				B02922EE1EB7B8330045E1BF /* Release */,
			);
			defaultConfigurationIsVisible = 0;
			defaultConfigurationName = Release;
		};
/* End XCConfigurationList section */

/* Begin XCVersionGroup section */
		B02922DA1EB7B8330045E1BF /* Borrower.xcdatamodeld */ = {
			isa = XCVersionGroup;
			children = (
				B02922DB1EB7B8330045E1BF /* Borrower.xcdatamodel */,
			);
			currentVersion = B02922DB1EB7B8330045E1BF /* Borrower.xcdatamodel */;
			path = Borrower.xcdatamodeld;
			sourceTree = "<group>";
			versionGroupType = wrapper.xcdatamodel;
		};
/* End XCVersionGroup section */
	};
	rootObject = B02922CD1EB7B8330045E1BF /* Project object */;
}
